
Microsoft Visual Studio Solution File, Format Version 12.00
# Visual Studio 2013
VisualStudioVersion = 12.0.21005.1
MinimumVisualStudioVersion = 10.0.40219.1
Project("{FAE04EC0-301F-11D3-BF4B-00C04F79EFBC}") = "Qrcms.Web", "Qrcms.Web\Qrcms.Web.csproj", "{71ADD9EF-D3AF-4AFE-8427-D10A52BAAF90}"
EndProject
Project("{FAE04EC0-301F-11D3-BF4B-00C04F79EFBC}") = "Qrcms.Model", "Qrcms.Model\Qrcms.Model.csproj", "{D67868C9-56B9-4E35-8E15-C105FC44CFB9}"
EndProject
Project("{FAE04EC0-301F-11D3-BF4B-00C04F79EFBC}") = "Qrcms.DAL", "Qrcms.DAL\Qrcms.DAL.csproj", "{CE7D2820-3864-405C-BC07-73696661A311}"
EndProject
Project("{FAE04EC0-301F-11D3-BF4B-00C04F79EFBC}") = "Qrcms.BLL", "Qrcms.BLL\Qrcms.BLL.csproj", "{0484F2ED-8EF3-4C40-8B3A-FE52B5E71AC2}"
EndProject
Project("{FAE04EC0-301F-11D3-BF4B-00C04F79EFBC}") = "Qrcms.DBUtility", "Qrcms.DBUtility\Qrcms.DBUtility.csproj", "{80541F63-161F-45CD-9710-CD1EA08F1D67}"
EndProject
Project("{FAE04EC0-301F-11D3-BF4B-00C04F79EFBC}") = "Qrcms.API", "Qrcms.API\Qrcms.API.csproj", "{6F974B43-717A-48F3-8EEE-54F5F66391E2}"
EndProject
Project("{FAE04EC0-301F-11D3-BF4B-00C04F79EFBC}") = "Qrcms.Web.UI", "Qrcms.Web.UI\Qrcms.Web.UI.csproj", "{58376273-DA57-4220-8935-6AF4D998C0F4}"
EndProject
Project("{FAE04EC0-301F-11D3-BF4B-00C04F79EFBC}") = "Qrcms.Web.Plugin.Feedback", "Qrcms.Web\plugins\feedback\Qrcms.Web.Plugin.Feedback.csproj", "{A32411D0-1B69-47A9-AC5C-E7E31D5C297B}"
EndProject
Project("{FAE04EC0-301F-11D3-BF4B-00C04F79EFBC}") = "Qrcms.Web.Plugin.Link", "Qrcms.Web\plugins\link\Qrcms.Web.Plugin.Link.csproj", "{A5996A0F-8D28-41C7-AA03-29C7E9E0B88C}"
EndProject
Project("{FAE04EC0-301F-11D3-BF4B-00C04F79EFBC}") = "Senparc.Weixin", "Senparc.Weixin\Senparc.Weixin.csproj", "{814092CD-9CD0-4FB7-91E8-D147F476F1FB}"
EndProject
Project("{FAE04EC0-301F-11D3-BF4B-00C04F79EFBC}") = "Senparc.Weixin.MP", "Senparc.Weixin.MP\Senparc.Weixin.MP.csproj", "{1D815FBF-451C-4E23-939C-CB80172F445C}"
EndProject
Project("{FAE04EC0-301F-11D3-BF4B-00C04F79EFBC}") = "Qrcms.Common", "Qrcms.Common\Qrcms.Common.csproj", "{6468CBF1-9D41-4231-8814-14491922FECC}"
EndProject
Project("{FAE04EC0-301F-11D3-BF4B-00C04F79EFBC}") = "swiftpass.utils", "swiftpass.utils\swiftpass.utils.csproj", "{44A03C15-B331-454D-A65E-EC292F483F6A}"
EndProject
Project("{FAE04EC0-301F-11D3-BF4B-00C04F79EFBC}") = "hongjiuTest", "hongjiuTest\hongjiuTest.csproj", "{2A72706A-482F-49D7-898C-6B405AC9BE25}"
EndProject
Global
	GlobalSection(SolutionConfigurationPlatforms) = preSolution
		Debug|Any CPU = Debug|Any CPU
		Debug|x86 = Debug|x86
		Release|Any CPU = Release|Any CPU
		Release|x86 = Release|x86
		Test|Any CPU = Test|Any CPU
		Test|x86 = Test|x86
	EndGlobalSection
	GlobalSection(ProjectConfigurationPlatforms) = postSolution
		{71ADD9EF-D3AF-4AFE-8427-D10A52BAAF90}.Debug|Any CPU.ActiveCfg = Debug|Any CPU
		{71ADD9EF-D3AF-4AFE-8427-D10A52BAAF90}.Debug|Any CPU.Build.0 = Debug|Any CPU
		{71ADD9EF-D3AF-4AFE-8427-D10A52BAAF90}.Debug|x86.ActiveCfg = Debug|Any CPU
		{71ADD9EF-D3AF-4AFE-8427-D10A52BAAF90}.Debug|x86.Build.0 = Debug|Any CPU
		{71ADD9EF-D3AF-4AFE-8427-D10A52BAAF90}.Release|Any CPU.ActiveCfg = Release|Any CPU
		{71ADD9EF-D3AF-4AFE-8427-D10A52BAAF90}.Release|Any CPU.Build.0 = Release|Any CPU
		{71ADD9EF-D3AF-4AFE-8427-D10A52BAAF90}.Release|x86.ActiveCfg = Release|Any CPU
		{71ADD9EF-D3AF-4AFE-8427-D10A52BAAF90}.Release|x86.Build.0 = Release|Any CPU
		{71ADD9EF-D3AF-4AFE-8427-D10A52BAAF90}.Test|Any CPU.ActiveCfg = Release|Any CPU
		{71ADD9EF-D3AF-4AFE-8427-D10A52BAAF90}.Test|Any CPU.Build.0 = Release|Any CPU
		{71ADD9EF-D3AF-4AFE-8427-D10A52BAAF90}.Test|x86.ActiveCfg = Release|Any CPU
		{71ADD9EF-D3AF-4AFE-8427-D10A52BAAF90}.Test|x86.Build.0 = Release|Any CPU
		{D67868C9-56B9-4E35-8E15-C105FC44CFB9}.Debug|Any CPU.ActiveCfg = Debug|Any CPU
		{D67868C9-56B9-4E35-8E15-C105FC44CFB9}.Debug|Any CPU.Build.0 = Debug|Any CPU
		{D67868C9-56B9-4E35-8E15-C105FC44CFB9}.Debug|x86.ActiveCfg = Debug|Any CPU
		{D67868C9-56B9-4E35-8E15-C105FC44CFB9}.Debug|x86.Build.0 = Debug|Any CPU
		{D67868C9-56B9-4E35-8E15-C105FC44CFB9}.Release|Any CPU.ActiveCfg = Release|Any CPU
		{D67868C9-56B9-4E35-8E15-C105FC44CFB9}.Release|Any CPU.Build.0 = Release|Any CPU
		{D67868C9-56B9-4E35-8E15-C105FC44CFB9}.Release|x86.ActiveCfg = Release|Any CPU
		{D67868C9-56B9-4E35-8E15-C105FC44CFB9}.Release|x86.Build.0 = Release|Any CPU
		{D67868C9-56B9-4E35-8E15-C105FC44CFB9}.Test|Any CPU.ActiveCfg = Release|Any CPU
		{D67868C9-56B9-4E35-8E15-C105FC44CFB9}.Test|Any CPU.Build.0 = Release|Any CPU
		{D67868C9-56B9-4E35-8E15-C105FC44CFB9}.Test|x86.ActiveCfg = Release|Any CPU
		{D67868C9-56B9-4E35-8E15-C105FC44CFB9}.Test|x86.Build.0 = Release|Any CPU
		{CE7D2820-3864-405C-BC07-73696661A311}.Debug|Any CPU.ActiveCfg = Debug|Any CPU
		{CE7D2820-3864-405C-BC07-73696661A311}.Debug|Any CPU.Build.0 = Debug|Any CPU
		{CE7D2820-3864-405C-BC07-73696661A311}.Debug|x86.ActiveCfg = Debug|Any CPU
		{CE7D2820-3864-405C-BC07-73696661A311}.Debug|x86.Build.0 = Debug|Any CPU
		{CE7D2820-3864-405C-BC07-73696661A311}.Release|Any CPU.ActiveCfg = Release|Any CPU
		{CE7D2820-3864-405C-BC07-73696661A311}.Release|Any CPU.Build.0 = Release|Any CPU
		{CE7D2820-3864-405C-BC07-73696661A311}.Release|x86.ActiveCfg = Release|Any CPU
		{CE7D2820-3864-405C-BC07-73696661A311}.Release|x86.Build.0 = Release|Any CPU
		{CE7D2820-3864-405C-BC07-73696661A311}.Test|Any CPU.ActiveCfg = Release|Any CPU
		{CE7D2820-3864-405C-BC07-73696661A311}.Test|Any CPU.Build.0 = Release|Any CPU
		{CE7D2820-3864-405C-BC07-73696661A311}.Test|x86.ActiveCfg = Release|Any CPU
		{CE7D2820-3864-405C-BC07-73696661A311}.Test|x86.Build.0 = Release|Any CPU
		{0484F2ED-8EF3-4C40-8B3A-FE52B5E71AC2}.Debug|Any CPU.ActiveCfg = Debug|Any CPU
		{0484F2ED-8EF3-4C40-8B3A-FE52B5E71AC2}.Debug|Any CPU.Build.0 = Debug|Any CPU
		{0484F2ED-8EF3-4C40-8B3A-FE52B5E71AC2}.Debug|x86.ActiveCfg = Debug|Any CPU
		{0484F2ED-8EF3-4C40-8B3A-FE52B5E71AC2}.Debug|x86.Build.0 = Debug|Any CPU
		{0484F2ED-8EF3-4C40-8B3A-FE52B5E71AC2}.Release|Any CPU.ActiveCfg = Release|Any CPU
		{0484F2ED-8EF3-4C40-8B3A-FE52B5E71AC2}.Release|Any CPU.Build.0 = Release|Any CPU
		{0484F2ED-8EF3-4C40-8B3A-FE52B5E71AC2}.Release|x86.ActiveCfg = Release|Any CPU
		{0484F2ED-8EF3-4C40-8B3A-FE52B5E71AC2}.Release|x86.Build.0 = Release|Any CPU
		{0484F2ED-8EF3-4C40-8B3A-FE52B5E71AC2}.Test|Any CPU.ActiveCfg = Release|Any CPU
		{0484F2ED-8EF3-4C40-8B3A-FE52B5E71AC2}.Test|Any CPU.Build.0 = Release|Any CPU
		{0484F2ED-8EF3-4C40-8B3A-FE52B5E71AC2}.Test|x86.ActiveCfg = Release|Any CPU
		{0484F2ED-8EF3-4C40-8B3A-FE52B5E71AC2}.Test|x86.Build.0 = Release|Any CPU
		{80541F63-161F-45CD-9710-CD1EA08F1D67}.Debug|Any CPU.ActiveCfg = Debug|Any CPU
		{80541F63-161F-45CD-9710-CD1EA08F1D67}.Debug|Any CPU.Build.0 = Debug|Any CPU
		{80541F63-161F-45CD-9710-CD1EA08F1D67}.Debug|x86.ActiveCfg = Debug|Any CPU
		{80541F63-161F-45CD-9710-CD1EA08F1D67}.Debug|x86.Build.0 = Debug|Any CPU
		{80541F63-161F-45CD-9710-CD1EA08F1D67}.Release|Any CPU.ActiveCfg = Release|Any CPU
		{80541F63-161F-45CD-9710-CD1EA08F1D67}.Release|Any CPU.Build.0 = Release|Any CPU
		{80541F63-161F-45CD-9710-CD1EA08F1D67}.Release|x86.ActiveCfg = Release|Any CPU
		{80541F63-161F-45CD-9710-CD1EA08F1D67}.Release|x86.Build.0 = Release|Any CPU
		{80541F63-161F-45CD-9710-CD1EA08F1D67}.Test|Any CPU.ActiveCfg = Release|Any CPU
		{80541F63-161F-45CD-9710-CD1EA08F1D67}.Test|Any CPU.Build.0 = Release|Any CPU
		{80541F63-161F-45CD-9710-CD1EA08F1D67}.Test|x86.ActiveCfg = Release|Any CPU
		{80541F63-161F-45CD-9710-CD1EA08F1D67}.Test|x86.Build.0 = Release|Any CPU
		{6F974B43-717A-48F3-8EEE-54F5F66391E2}.Debug|Any CPU.ActiveCfg = Debug|Any CPU
		{6F974B43-717A-48F3-8EEE-54F5F66391E2}.Debug|Any CPU.Build.0 = Debug|Any CPU
		{6F974B43-717A-48F3-8EEE-54F5F66391E2}.Debug|x86.ActiveCfg = Debug|Any CPU
		{6F974B43-717A-48F3-8EEE-54F5F66391E2}.Debug|x86.Build.0 = Debug|Any CPU
		{6F974B43-717A-48F3-8EEE-54F5F66391E2}.Release|Any CPU.ActiveCfg = Release|Any CPU
		{6F974B43-717A-48F3-8EEE-54F5F66391E2}.Release|Any CPU.Build.0 = Release|Any CPU
		{6F974B43-717A-48F3-8EEE-54F5F66391E2}.Release|x86.ActiveCfg = Release|Any CPU
		{6F974B43-717A-48F3-8EEE-54F5F66391E2}.Release|x86.Build.0 = Release|Any CPU
		{6F974B43-717A-48F3-8EEE-54F5F66391E2}.Test|Any CPU.ActiveCfg = Release|Any CPU
		{6F974B43-717A-48F3-8EEE-54F5F66391E2}.Test|Any CPU.Build.0 = Release|Any CPU
		{6F974B43-717A-48F3-8EEE-54F5F66391E2}.Test|x86.ActiveCfg = Release|Any CPU
		{6F974B43-717A-48F3-8EEE-54F5F66391E2}.Test|x86.Build.0 = Release|Any CPU
		{58376273-DA57-4220-8935-6AF4D998C0F4}.Debug|Any CPU.ActiveCfg = Debug|Any CPU
		{58376273-DA57-4220-8935-6AF4D998C0F4}.Debug|Any CPU.Build.0 = Debug|Any CPU
		{58376273-DA57-4220-8935-6AF4D998C0F4}.Debug|x86.ActiveCfg = Debug|Any CPU
		{58376273-DA57-4220-8935-6AF4D998C0F4}.Debug|x86.Build.0 = Debug|Any CPU
		{58376273-DA57-4220-8935-6AF4D998C0F4}.Release|Any CPU.ActiveCfg = Release|Any CPU
		{58376273-DA57-4220-8935-6AF4D998C0F4}.Release|Any CPU.Build.0 = Release|Any CPU
		{58376273-DA57-4220-8935-6AF4D998C0F4}.Release|x86.ActiveCfg = Release|Any CPU
		{58376273-DA57-4220-8935-6AF4D998C0F4}.Release|x86.Build.0 = Release|Any CPU
		{58376273-DA57-4220-8935-6AF4D998C0F4}.Test|Any CPU.ActiveCfg = Release|Any CPU
		{58376273-DA57-4220-8935-6AF4D998C0F4}.Test|Any CPU.Build.0 = Release|Any CPU
		{58376273-DA57-4220-8935-6AF4D998C0F4}.Test|x86.ActiveCfg = Release|Any CPU
		{58376273-DA57-4220-8935-6AF4D998C0F4}.Test|x86.Build.0 = Release|Any CPU
		{A32411D0-1B69-47A9-AC5C-E7E31D5C297B}.Debug|Any CPU.ActiveCfg = Debug|Any CPU
		{A32411D0-1B69-47A9-AC5C-E7E31D5C297B}.Debug|Any CPU.Build.0 = Debug|Any CPU
		{A32411D0-1B69-47A9-AC5C-E7E31D5C297B}.Debug|x86.ActiveCfg = Debug|Any CPU
		{A32411D0-1B69-47A9-AC5C-E7E31D5C297B}.Debug|x86.Build.0 = Debug|Any CPU
		{A32411D0-1B69-47A9-AC5C-E7E31D5C297B}.Release|Any CPU.ActiveCfg = Release|Any CPU
		{A32411D0-1B69-47A9-AC5C-E7E31D5C297B}.Release|Any CPU.Build.0 = Release|Any CPU
		{A32411D0-1B69-47A9-AC5C-E7E31D5C297B}.Release|x86.ActiveCfg = Release|Any CPU
		{A32411D0-1B69-47A9-AC5C-E7E31D5C297B}.Release|x86.Build.0 = Release|Any CPU
		{A32411D0-1B69-47A9-AC5C-E7E31D5C297B}.Test|Any CPU.ActiveCfg = Release|Any CPU
		{A32411D0-1B69-47A9-AC5C-E7E31D5C297B}.Test|Any CPU.Build.0 = Release|Any CPU
		{A32411D0-1B69-47A9-AC5C-E7E31D5C297B}.Test|x86.ActiveCfg = Release|Any CPU
		{A32411D0-1B69-47A9-AC5C-E7E31D5C297B}.Test|x86.Build.0 = Release|Any CPU
		{A5996A0F-8D28-41C7-AA03-29C7E9E0B88C}.Debug|Any CPU.ActiveCfg = Debug|Any CPU
		{A5996A0F-8D28-41C7-AA03-29C7E9E0B88C}.Debug|Any CPU.Build.0 = Debug|Any CPU
		{A5996A0F-8D28-41C7-AA03-29C7E9E0B88C}.Debug|x86.ActiveCfg = Debug|Any CPU
		{A5996A0F-8D28-41C7-AA03-29C7E9E0B88C}.Debug|x86.Build.0 = Debug|Any CPU
		{A5996A0F-8D28-41C7-AA03-29C7E9E0B88C}.Release|Any CPU.ActiveCfg = Release|Any CPU
		{A5996A0F-8D28-41C7-AA03-29C7E9E0B88C}.Release|Any CPU.Build.0 = Release|Any CPU
		{A5996A0F-8D28-41C7-AA03-29C7E9E0B88C}.Release|x86.ActiveCfg = Release|Any CPU
		{A5996A0F-8D28-41C7-AA03-29C7E9E0B88C}.Release|x86.Build.0 = Release|Any CPU
		{A5996A0F-8D28-41C7-AA03-29C7E9E0B88C}.Test|Any CPU.ActiveCfg = Release|Any CPU
		{A5996A0F-8D28-41C7-AA03-29C7E9E0B88C}.Test|Any CPU.Build.0 = Release|Any CPU
		{A5996A0F-8D28-41C7-AA03-29C7E9E0B88C}.Test|x86.ActiveCfg = Release|Any CPU
		{A5996A0F-8D28-41C7-AA03-29C7E9E0B88C}.Test|x86.Build.0 = Release|Any CPU
		{814092CD-9CD0-4FB7-91E8-D147F476F1FB}.Debug|Any CPU.ActiveCfg = Debug|Any CPU
		{814092CD-9CD0-4FB7-91E8-D147F476F1FB}.Debug|Any CPU.Build.0 = Debug|Any CPU
		{814092CD-9CD0-4FB7-91E8-D147F476F1FB}.Debug|x86.ActiveCfg = Debug|x86
		{814092CD-9CD0-4FB7-91E8-D147F476F1FB}.Debug|x86.Build.0 = Debug|x86
		{814092CD-9CD0-4FB7-91E8-D147F476F1FB}.Release|Any CPU.ActiveCfg = Release|Any CPU
		{814092CD-9CD0-4FB7-91E8-D147F476F1FB}.Release|Any CPU.Build.0 = Release|Any CPU
		{814092CD-9CD0-4FB7-91E8-D147F476F1FB}.Release|x86.ActiveCfg = Release|x86
		{814092CD-9CD0-4FB7-91E8-D147F476F1FB}.Release|x86.Build.0 = Release|x86
		{814092CD-9CD0-4FB7-91E8-D147F476F1FB}.Test|Any CPU.ActiveCfg = Test|Any CPU
		{814092CD-9CD0-4FB7-91E8-D147F476F1FB}.Test|Any CPU.Build.0 = Test|Any CPU
		{814092CD-9CD0-4FB7-91E8-D147F476F1FB}.Test|x86.ActiveCfg = Test|x86
		{814092CD-9CD0-4FB7-91E8-D147F476F1FB}.Test|x86.Build.0 = Test|x86
		{1D815FBF-451C-4E23-939C-CB80172F445C}.Debug|Any CPU.ActiveCfg = Debug|Any CPU
		{1D815FBF-451C-4E23-939C-CB80172F445C}.Debug|Any CPU.Build.0 = Debug|Any CPU
		{1D815FBF-451C-4E23-939C-CB80172F445C}.Debug|x86.ActiveCfg = Debug|x86
		{1D815FBF-451C-4E23-939C-CB80172F445C}.Debug|x86.Build.0 = Debug|x86
		{1D815FBF-451C-4E23-939C-CB80172F445C}.Release|Any CPU.ActiveCfg = Release|Any CPU
		{1D815FBF-451C-4E23-939C-CB80172F445C}.Release|Any CPU.Build.0 = Release|Any CPU
		{1D815FBF-451C-4E23-939C-CB80172F445C}.Release|x86.ActiveCfg = Release|x86
		{1D815FBF-451C-4E23-939C-CB80172F445C}.Release|x86.Build.0 = Release|x86
		{1D815FBF-451C-4E23-939C-CB80172F445C}.Test|Any CPU.ActiveCfg = Test|Any CPU
		{1D815FBF-451C-4E23-939C-CB80172F445C}.Test|Any CPU.Build.0 = Test|Any CPU
		{1D815FBF-451C-4E23-939C-CB80172F445C}.Test|x86.ActiveCfg = Test|x86
		{1D815FBF-451C-4E23-939C-CB80172F445C}.Test|x86.Build.0 = Test|x86
		{6468CBF1-9D41-4231-8814-14491922FECC}.Debug|Any CPU.ActiveCfg = Debug|Any CPU
		{6468CBF1-9D41-4231-8814-14491922FECC}.Debug|Any CPU.Build.0 = Debug|Any CPU
		{6468CBF1-9D41-4231-8814-14491922FECC}.Debug|x86.ActiveCfg = Debug|Any CPU
		{6468CBF1-9D41-4231-8814-14491922FECC}.Debug|x86.Build.0 = Debug|Any CPU
		{6468CBF1-9D41-4231-8814-14491922FECC}.Release|Any CPU.ActiveCfg = Release|Any CPU
		{6468CBF1-9D41-4231-8814-14491922FECC}.Release|Any CPU.Build.0 = Release|Any CPU
		{6468CBF1-9D41-4231-8814-14491922FECC}.Release|x86.ActiveCfg = Release|Any CPU
		{6468CBF1-9D41-4231-8814-14491922FECC}.Release|x86.Build.0 = Release|Any CPU
		{6468CBF1-9D41-4231-8814-14491922FECC}.Test|Any CPU.ActiveCfg = Release|Any CPU
		{6468CBF1-9D41-4231-8814-14491922FECC}.Test|Any CPU.Build.0 = Release|Any CPU
		{6468CBF1-9D41-4231-8814-14491922FECC}.Test|x86.ActiveCfg = Release|Any CPU
		{6468CBF1-9D41-4231-8814-14491922FECC}.Test|x86.Build.0 = Release|Any CPU
		{44A03C15-B331-454D-A65E-EC292F483F6A}.Debug|Any CPU.ActiveCfg = Debug|Any CPU
		{44A03C15-B331-454D-A65E-EC292F483F6A}.Debug|Any CPU.Build.0 = Debug|Any CPU
		{44A03C15-B331-454D-A65E-EC292F483F6A}.Debug|x86.ActiveCfg = Debug|Any CPU
		{44A03C15-B331-454D-A65E-EC292F483F6A}.Release|Any CPU.ActiveCfg = Release|Any CPU
		{44A03C15-B331-454D-A65E-EC292F483F6A}.Release|Any CPU.Build.0 = Release|Any CPU
		{44A03C15-B331-454D-A65E-EC292F483F6A}.Release|x86.ActiveCfg = Release|Any CPU
		{44A03C15-B331-454D-A65E-EC292F483F6A}.Test|Any CPU.ActiveCfg = Release|Any CPU
		{44A03C15-B331-454D-A65E-EC292F483F6A}.Test|Any CPU.Build.0 = Release|Any CPU
		{44A03C15-B331-454D-A65E-EC292F483F6A}.Test|x86.ActiveCfg = Release|Any CPU
		{2A72706A-482F-49D7-898C-6B405AC9BE25}.Debug|Any CPU.ActiveCfg = Debug|Any CPU
		{2A72706A-482F-49D7-898C-6B405AC9BE25}.Debug|Any CPU.Build.0 = Debug|Any CPU
		{2A72706A-482F-49D7-898C-6B405AC9BE25}.Debug|x86.ActiveCfg = Debug|Any CPU
		{2A72706A-482F-49D7-898C-6B405AC9BE25}.Release|Any CPU.ActiveCfg = Release|Any CPU
		{2A72706A-482F-49D7-898C-6B405AC9BE25}.Release|Any CPU.Build.0 = Release|Any CPU
		{2A72706A-482F-49D7-898C-6B405AC9BE25}.Release|x86.ActiveCfg = Release|Any CPU
		{2A72706A-482F-49D7-898C-6B405AC9BE25}.Test|Any CPU.ActiveCfg = Release|Any CPU
		{2A72706A-482F-49D7-898C-6B405AC9BE25}.Test|Any CPU.Build.0 = Release|Any CPU
		{2A72706A-482F-49D7-898C-6B405AC9BE25}.Test|x86.ActiveCfg = Release|Any CPU
	EndGlobalSection
	GlobalSection(SolutionProperties) = preSolution
		HideSolutionNode = FALSE
	EndGlobalSection
	GlobalSection(ExtensibilityGlobals) = postSolution
		VisualSVNWorkingCopyRoot = .
	EndGlobalSection
	GlobalSection(SubversionScc) = preSolution
		Svn-Managed = True
		Manager = AnkhSVN - Subversion Support for Visual Studio
	EndGlobalSection
EndGlobal
